
Microsoft Visual Studio Solution File, Format Version 12.00
# Visual Studio Version 16
VisualStudioVersion = 16.0.31605.320
MinimumVisualStudioVersion = 10.0.40219.1
Project("{FAE04EC0-301F-11D3-BF4B-00C04F79EFBC}") = "exercicio 02 est enquanto", "exercicio 02 est enquanto\exercicio 02 est enquanto.csproj", "{71EDDF4A-8BC8-4FA4-AEF6-18ADBD4117CD}"
EndProject
Global
	GlobalSection(SolutionConfigurationPlatforms) = preSolution
		Debug|Any CPU = Debug|Any CPU
		Release|Any CPU = Release|Any CPU
	EndGlobalSection
	GlobalSection(ProjectConfigurationPlatforms) = postSolution
		{71EDDF4A-8BC8-4FA4-AEF6-18ADBD4117CD}.Debug|Any CPU.ActiveCfg = Debug|Any CPU
		{71EDDF4A-8BC8-4FA4-AEF6-18ADBD4117CD}.Debug|Any CPU.Build.0 = Debug|Any CPU
		{71EDDF4A-8BC8-4FA4-AEF6-18ADBD4117CD}.Release|Any CPU.ActiveCfg = Release|Any CPU
		{71EDDF4A-8BC8-4FA4-AEF6-18ADBD4117CD}.Release|Any CPU.Build.0 = Release|Any CPU
	EndGlobalSection
	GlobalSection(SolutionProperties) = preSolution
		HideSolutionNode = FALSE
	EndGlobalSection
	GlobalSection(ExtensibilityGlobals) = postSolution
		SolutionGuid = {E5F240FE-B89B-4033-A5AC-5A0637E5BCE9}
	EndGlobalSection
EndGlobal
